
Microsoft Visual Studio Solution File, Format Version 12.00
# Visual Studio Version 17
VisualStudioVersion = 17.8.34330.188
MinimumVisualStudioVersion = 10.0.40219.1
Project("{FAE04EC0-301F-11D3-BF4B-00C04F79EFBC}") = "Assignment", "Assignment\Assignment.csproj", "{6A786186-350B-4D79-8399-90B84C6EC088}"
EndProject
Global
	GlobalSection(SolutionConfigurationPlatforms) = preSolution
		Debug|Any CPU = Debug|Any CPU
		Release|Any CPU = Release|Any CPU
	EndGlobalSection
	GlobalSection(ProjectConfigurationPlatforms) = postSolution
		{6A786186-350B-4D79-8399-90B84C6EC088}.Debug|Any CPU.ActiveCfg = Debug|Any CPU
		{6A786186-350B-4D79-8399-90B84C6EC088}.Debug|Any CPU.Build.0 = Debug|Any CPU
		{6A786186-350B-4D79-8399-90B84C6EC088}.Release|Any CPU.ActiveCfg = Release|Any CPU
		{6A786186-350B-4D79-8399-90B84C6EC088}.Release|Any CPU.Build.0 = Release|Any CPU
	EndGlobalSection
	GlobalSection(SolutionProperties) = preSolution
		HideSolutionNode = FALSE
	EndGlobalSection
	GlobalSection(ExtensibilityGlobals) = postSolution
		SolutionGuid = {44A6A85A-3649-464E-A929-4B4FE8CBE9FC}
	EndGlobalSection
EndGlobal
